
Microsoft Visual Studio Solution File, Format Version 12.00
# Visual Studio Version 17
VisualStudioVersion = 17.10.35004.147
MinimumVisualStudioVersion = 10.0.40219.1
Project("{FAE04EC0-301F-11D3-BF4B-00C04F79EFBC}") = "CreditCard.Api", "CreditCard.Api\CreditCard.Api.csproj", "{DED80776-CF45-4FA6-9382-2C0289DC4736}"
EndProject
Project("{FAE04EC0-301F-11D3-BF4B-00C04F79EFBC}") = "CreditCard.Core", "CreditCard.Core\CreditCard.Core.csproj", "{23F9D402-C1E8-48B4-8C09-26E884EF2FBA}"
EndProject
Project("{FAE04EC0-301F-11D3-BF4B-00C04F79EFBC}") = "CreditCard.Test", "CreditCard.Test\CreditCard.Test.csproj", "{6467A27D-985E-4ABA-BE14-BF9A9345D5B4}"
EndProject
Global
	GlobalSection(SolutionConfigurationPlatforms) = preSolution
		Debug|Any CPU = Debug|Any CPU
		Release|Any CPU = Release|Any CPU
	EndGlobalSection
	GlobalSection(ProjectConfigurationPlatforms) = postSolution
		{DED80776-CF45-4FA6-9382-2C0289DC4736}.Debug|Any CPU.ActiveCfg = Debug|Any CPU
		{DED80776-CF45-4FA6-9382-2C0289DC4736}.Debug|Any CPU.Build.0 = Debug|Any CPU
		{DED80776-CF45-4FA6-9382-2C0289DC4736}.Release|Any CPU.ActiveCfg = Release|Any CPU
		{DED80776-CF45-4FA6-9382-2C0289DC4736}.Release|Any CPU.Build.0 = Release|Any CPU
		{23F9D402-C1E8-48B4-8C09-26E884EF2FBA}.Debug|Any CPU.ActiveCfg = Debug|Any CPU
		{23F9D402-C1E8-48B4-8C09-26E884EF2FBA}.Debug|Any CPU.Build.0 = Debug|Any CPU
		{23F9D402-C1E8-48B4-8C09-26E884EF2FBA}.Release|Any CPU.ActiveCfg = Release|Any CPU
		{23F9D402-C1E8-48B4-8C09-26E884EF2FBA}.Release|Any CPU.Build.0 = Release|Any CPU
		{6467A27D-985E-4ABA-BE14-BF9A9345D5B4}.Debug|Any CPU.ActiveCfg = Debug|Any CPU
		{6467A27D-985E-4ABA-BE14-BF9A9345D5B4}.Debug|Any CPU.Build.0 = Debug|Any CPU
		{6467A27D-985E-4ABA-BE14-BF9A9345D5B4}.Release|Any CPU.ActiveCfg = Release|Any CPU
		{6467A27D-985E-4ABA-BE14-BF9A9345D5B4}.Release|Any CPU.Build.0 = Release|Any CPU
	EndGlobalSection
	GlobalSection(SolutionProperties) = preSolution
		HideSolutionNode = FALSE
	EndGlobalSection
	GlobalSection(ExtensibilityGlobals) = postSolution
		SolutionGuid = {B157DFEB-4F5F-4987-AF37-6304DF760859}
	EndGlobalSection
EndGlobal
